
Microsoft Visual Studio Solution File, Format Version 12.00
# Visual Studio Version 16
VisualStudioVersion = 16.0.28711.60
MinimumVisualStudioVersion = 10.0.40219.1
Project("{888888A0-9F3D-457C-B088-3A5042F75D52}") = "Drill2", "Drill2.pyproj", "{B8399785-8841-4D12-8D2D-8AEACB4A2319}"
EndProject
Global
	GlobalSection(SolutionConfigurationPlatforms) = preSolution
		Debug|Any CPU = Debug|Any CPU
		Release|Any CPU = Release|Any CPU
	EndGlobalSection
	GlobalSection(ProjectConfigurationPlatforms) = postSolution
		{B8399785-8841-4D12-8D2D-8AEACB4A2319}.Debug|Any CPU.ActiveCfg = Debug|Any CPU
		{B8399785-8841-4D12-8D2D-8AEACB4A2319}.Release|Any CPU.ActiveCfg = Release|Any CPU
	EndGlobalSection
	GlobalSection(SolutionProperties) = preSolution
		HideSolutionNode = FALSE
	EndGlobalSection
	GlobalSection(ExtensibilityGlobals) = postSolution
		SolutionGuid = {4A5CDD8D-1DDE-40A2-A34A-F78C42AAA4E8}
	EndGlobalSection
EndGlobal
